
Microsoft Visual Studio Solution File, Format Version 12.00
# Visual Studio Version 17
VisualStudioVersion = 17.11.35327.3
MinimumVisualStudioVersion = 10.0.40219.1
Project("{9A19103F-16F7-4668-BE54-9A1E7A4F7556}") = "GenerateQRCode", "GenerateQRCode\GenerateQRCode.csproj", "{BE3D0F98-CF35-4F7F-9AE1-D68F94F505C6}"
EndProject
Project("{9A19103F-16F7-4668-BE54-9A1E7A4F7556}") = "ISBN-Converter", "ISBN-Converter\ISBN-Converter.csproj", "{A4BC941D-296F-498C-BA48-2DFF20040171}"
EndProject
Project("{9A19103F-16F7-4668-BE54-9A1E7A4F7556}") = "RenameFiles", "RenameFiles\RenameFiles.csproj", "{23DBAA2E-05AB-4025-B828-6CFD91AF0682}"
EndProject
Project("{FAE04EC0-301F-11D3-BF4B-00C04F79EFBC}") = "ExcelToJson", "ExcelToJson\ExcelToJson.csproj", "{7997432E-67CE-43AB-8C28-72DE6949D511}"
EndProject
Project("{FAE04EC0-301F-11D3-BF4B-00C04F79EFBC}") = "Wordpress", "Wordpress\Wordpress.csproj", "{5C6A4C88-B8C1-4EC0-AA2E-C885537E5DBB}"
EndProject
Global
	GlobalSection(SolutionConfigurationPlatforms) = preSolution
		Debug|Any CPU = Debug|Any CPU
		Release|Any CPU = Release|Any CPU
	EndGlobalSection
	GlobalSection(ProjectConfigurationPlatforms) = postSolution
		{BE3D0F98-CF35-4F7F-9AE1-D68F94F505C6}.Debug|Any CPU.ActiveCfg = Debug|Any CPU
		{BE3D0F98-CF35-4F7F-9AE1-D68F94F505C6}.Debug|Any CPU.Build.0 = Debug|Any CPU
		{BE3D0F98-CF35-4F7F-9AE1-D68F94F505C6}.Release|Any CPU.ActiveCfg = Release|Any CPU
		{BE3D0F98-CF35-4F7F-9AE1-D68F94F505C6}.Release|Any CPU.Build.0 = Release|Any CPU
		{A4BC941D-296F-498C-BA48-2DFF20040171}.Debug|Any CPU.ActiveCfg = Debug|Any CPU
		{A4BC941D-296F-498C-BA48-2DFF20040171}.Debug|Any CPU.Build.0 = Debug|Any CPU
		{A4BC941D-296F-498C-BA48-2DFF20040171}.Release|Any CPU.ActiveCfg = Release|Any CPU
		{A4BC941D-296F-498C-BA48-2DFF20040171}.Release|Any CPU.Build.0 = Release|Any CPU
		{23DBAA2E-05AB-4025-B828-6CFD91AF0682}.Debug|Any CPU.ActiveCfg = Debug|Any CPU
		{23DBAA2E-05AB-4025-B828-6CFD91AF0682}.Debug|Any CPU.Build.0 = Debug|Any CPU
		{23DBAA2E-05AB-4025-B828-6CFD91AF0682}.Release|Any CPU.ActiveCfg = Release|Any CPU
		{23DBAA2E-05AB-4025-B828-6CFD91AF0682}.Release|Any CPU.Build.0 = Release|Any CPU
		{7997432E-67CE-43AB-8C28-72DE6949D511}.Debug|Any CPU.ActiveCfg = Debug|Any CPU
		{7997432E-67CE-43AB-8C28-72DE6949D511}.Debug|Any CPU.Build.0 = Debug|Any CPU
		{7997432E-67CE-43AB-8C28-72DE6949D511}.Release|Any CPU.ActiveCfg = Release|Any CPU
		{7997432E-67CE-43AB-8C28-72DE6949D511}.Release|Any CPU.Build.0 = Release|Any CPU
		{5C6A4C88-B8C1-4EC0-AA2E-C885537E5DBB}.Debug|Any CPU.ActiveCfg = Debug|Any CPU
		{5C6A4C88-B8C1-4EC0-AA2E-C885537E5DBB}.Debug|Any CPU.Build.0 = Debug|Any CPU
		{5C6A4C88-B8C1-4EC0-AA2E-C885537E5DBB}.Release|Any CPU.ActiveCfg = Release|Any CPU
		{5C6A4C88-B8C1-4EC0-AA2E-C885537E5DBB}.Release|Any CPU.Build.0 = Release|Any CPU
	EndGlobalSection
	GlobalSection(SolutionProperties) = preSolution
		HideSolutionNode = FALSE
	EndGlobalSection
	GlobalSection(ExtensibilityGlobals) = postSolution
		SolutionGuid = {B8C13074-D5FC-4973-AC8B-42350D4BECFF}
	EndGlobalSection
EndGlobal
