
Microsoft Visual Studio Solution File, Format Version 12.00
# Visual Studio Version 17
VisualStudioVersion = 17.11.35327.3
MinimumVisualStudioVersion = 10.0.40219.1
Project("{9A19103F-16F7-4668-BE54-9A1E7A4F7556}") = "GenerateQRCode", "GenerateQRCode\GenerateQRCode.csproj", "{BE3D0F98-CF35-4F7F-9AE1-D68F94F505C6}"
EndProject
Project("{9A19103F-16F7-4668-BE54-9A1E7A4F7556}") = "ISBN-Converter", "ISBN-Converter\ISBN-Converter.csproj", "{A4BC941D-296F-498C-BA48-2DFF20040171}"
EndProject
Project("{9A19103F-16F7-4668-BE54-9A1E7A4F7556}") = "RenameFiles", "RenameFiles\RenameFiles.csproj", "{23DBAA2E-05AB-4025-B828-6CFD91AF0682}"
EndProject
Project("{FAE04EC0-301F-11D3-BF4B-00C04F79EFBC}") = "ExcelToJson", "ExcelToJson\ExcelToJson.csproj", "{7997432E-67CE-43AB-8C28-72DE6949D511}"
EndProject
Project("{FAE04EC0-301F-11D3-BF4B-00C04F79EFBC}") = "Wordpress", "Wordpress\Wordpress.csproj", "{5C6A4C88-B8C1-4EC0-AA2E-C885537E5DBB}"
EndProject
Project("{FAE04EC0-301F-11D3-BF4B-00C04F79EFBC}") = "InstagramAutomation", "InstagramAutomation\InstagramAutomation.csproj", "{48B9C65F-CDDF-4362-B17B-B62244E94F02}"
EndProject
Project("{FAE04EC0-301F-11D3-BF4B-00C04F79EFBC}") = "BarcodeGen", "BarcodeGen\BarcodeGen.csproj", "{8C70F753-6FEA-47E0-906A-1AD7F4D422FD}"
EndProject
Project("{FAE04EC0-301F-11D3-BF4B-00C04F79EFBC}") = "DelhiveryOne", "DelhiveryOne\DelhiveryOne.csproj", "{5B8E0368-0E2C-49FA-9543-6AD1A72AE9A5}"
EndProject
Project("{FAE04EC0-301F-11D3-BF4B-00C04F79EFBC}") = "ImageToText", "ImageToText\ImageToText.csproj", "{4EEB4A6D-B0C3-43AF-A24A-42E7A60EB3CC}"
EndProject
Project("{FAE04EC0-301F-11D3-BF4B-00C04F79EFBC}") = "WhatsAppAutomation", "WhatsAppAutomation\WhatsAppAutomation.csproj", "{E4BF0185-261B-4FAF-B075-7FFEC4F3F239}"
EndProject
Project("{FAE04EC0-301F-11D3-BF4B-00C04F79EFBC}") = "BookInventory", "BookInventory\BookInventory.csproj", "{61CA2C04-B068-43E6-998D-CEA3DE4E8839}"
EndProject
Global
	GlobalSection(SolutionConfigurationPlatforms) = preSolution
		Debug|Any CPU = Debug|Any CPU
		Release|Any CPU = Release|Any CPU
	EndGlobalSection
	GlobalSection(ProjectConfigurationPlatforms) = postSolution
		{BE3D0F98-CF35-4F7F-9AE1-D68F94F505C6}.Debug|Any CPU.ActiveCfg = Debug|Any CPU
		{BE3D0F98-CF35-4F7F-9AE1-D68F94F505C6}.Debug|Any CPU.Build.0 = Debug|Any CPU
		{BE3D0F98-CF35-4F7F-9AE1-D68F94F505C6}.Release|Any CPU.ActiveCfg = Release|Any CPU
		{BE3D0F98-CF35-4F7F-9AE1-D68F94F505C6}.Release|Any CPU.Build.0 = Release|Any CPU
		{A4BC941D-296F-498C-BA48-2DFF20040171}.Debug|Any CPU.ActiveCfg = Debug|Any CPU
		{A4BC941D-296F-498C-BA48-2DFF20040171}.Debug|Any CPU.Build.0 = Debug|Any CPU
		{A4BC941D-296F-498C-BA48-2DFF20040171}.Release|Any CPU.ActiveCfg = Release|Any CPU
		{A4BC941D-296F-498C-BA48-2DFF20040171}.Release|Any CPU.Build.0 = Release|Any CPU
		{23DBAA2E-05AB-4025-B828-6CFD91AF0682}.Debug|Any CPU.ActiveCfg = Debug|Any CPU
		{23DBAA2E-05AB-4025-B828-6CFD91AF0682}.Debug|Any CPU.Build.0 = Debug|Any CPU
		{23DBAA2E-05AB-4025-B828-6CFD91AF0682}.Release|Any CPU.ActiveCfg = Release|Any CPU
		{23DBAA2E-05AB-4025-B828-6CFD91AF0682}.Release|Any CPU.Build.0 = Release|Any CPU
		{7997432E-67CE-43AB-8C28-72DE6949D511}.Debug|Any CPU.ActiveCfg = Debug|Any CPU
		{7997432E-67CE-43AB-8C28-72DE6949D511}.Debug|Any CPU.Build.0 = Debug|Any CPU
		{7997432E-67CE-43AB-8C28-72DE6949D511}.Release|Any CPU.ActiveCfg = Release|Any CPU
		{7997432E-67CE-43AB-8C28-72DE6949D511}.Release|Any CPU.Build.0 = Release|Any CPU
		{5C6A4C88-B8C1-4EC0-AA2E-C885537E5DBB}.Debug|Any CPU.ActiveCfg = Debug|Any CPU
		{5C6A4C88-B8C1-4EC0-AA2E-C885537E5DBB}.Debug|Any CPU.Build.0 = Debug|Any CPU
		{5C6A4C88-B8C1-4EC0-AA2E-C885537E5DBB}.Release|Any CPU.ActiveCfg = Release|Any CPU
		{5C6A4C88-B8C1-4EC0-AA2E-C885537E5DBB}.Release|Any CPU.Build.0 = Release|Any CPU
		{48B9C65F-CDDF-4362-B17B-B62244E94F02}.Debug|Any CPU.ActiveCfg = Debug|Any CPU
		{48B9C65F-CDDF-4362-B17B-B62244E94F02}.Debug|Any CPU.Build.0 = Debug|Any CPU
		{48B9C65F-CDDF-4362-B17B-B62244E94F02}.Release|Any CPU.ActiveCfg = Release|Any CPU
		{48B9C65F-CDDF-4362-B17B-B62244E94F02}.Release|Any CPU.Build.0 = Release|Any CPU
		{8C70F753-6FEA-47E0-906A-1AD7F4D422FD}.Debug|Any CPU.ActiveCfg = Debug|Any CPU
		{8C70F753-6FEA-47E0-906A-1AD7F4D422FD}.Debug|Any CPU.Build.0 = Debug|Any CPU
		{8C70F753-6FEA-47E0-906A-1AD7F4D422FD}.Release|Any CPU.ActiveCfg = Release|Any CPU
		{8C70F753-6FEA-47E0-906A-1AD7F4D422FD}.Release|Any CPU.Build.0 = Release|Any CPU
		{5B8E0368-0E2C-49FA-9543-6AD1A72AE9A5}.Debug|Any CPU.ActiveCfg = Debug|Any CPU
		{5B8E0368-0E2C-49FA-9543-6AD1A72AE9A5}.Debug|Any CPU.Build.0 = Debug|Any CPU
		{5B8E0368-0E2C-49FA-9543-6AD1A72AE9A5}.Release|Any CPU.ActiveCfg = Release|Any CPU
		{5B8E0368-0E2C-49FA-9543-6AD1A72AE9A5}.Release|Any CPU.Build.0 = Release|Any CPU
		{4EEB4A6D-B0C3-43AF-A24A-42E7A60EB3CC}.Debug|Any CPU.ActiveCfg = Debug|Any CPU
		{4EEB4A6D-B0C3-43AF-A24A-42E7A60EB3CC}.Debug|Any CPU.Build.0 = Debug|Any CPU
		{4EEB4A6D-B0C3-43AF-A24A-42E7A60EB3CC}.Release|Any CPU.ActiveCfg = Release|Any CPU
		{4EEB4A6D-B0C3-43AF-A24A-42E7A60EB3CC}.Release|Any CPU.Build.0 = Release|Any CPU
		{E4BF0185-261B-4FAF-B075-7FFEC4F3F239}.Debug|Any CPU.ActiveCfg = Debug|Any CPU
		{E4BF0185-261B-4FAF-B075-7FFEC4F3F239}.Debug|Any CPU.Build.0 = Debug|Any CPU
		{E4BF0185-261B-4FAF-B075-7FFEC4F3F239}.Release|Any CPU.ActiveCfg = Release|Any CPU
		{E4BF0185-261B-4FAF-B075-7FFEC4F3F239}.Release|Any CPU.Build.0 = Release|Any CPU
		{61CA2C04-B068-43E6-998D-CEA3DE4E8839}.Debug|Any CPU.ActiveCfg = Debug|Any CPU
		{61CA2C04-B068-43E6-998D-CEA3DE4E8839}.Debug|Any CPU.Build.0 = Debug|Any CPU
		{61CA2C04-B068-43E6-998D-CEA3DE4E8839}.Release|Any CPU.ActiveCfg = Release|Any CPU
		{61CA2C04-B068-43E6-998D-CEA3DE4E8839}.Release|Any CPU.Build.0 = Release|Any CPU
	EndGlobalSection
	GlobalSection(SolutionProperties) = preSolution
		HideSolutionNode = FALSE
	EndGlobalSection
	GlobalSection(ExtensibilityGlobals) = postSolution
		SolutionGuid = {B8C13074-D5FC-4973-AC8B-42350D4BECFF}
	EndGlobalSection
EndGlobal
