
Microsoft Visual Studio Solution File, Format Version 12.00
# Visual Studio Version 17
VisualStudioVersion = 17.11.35327.3
MinimumVisualStudioVersion = 10.0.40219.1
Project("{FAE04EC0-301F-11D3-BF4B-00C04F79EFBC}") = "GenerateQRCode", "GenerateQRCode\GenerateQRCode.csproj", "{BE3D0F98-CF35-4F7F-9AE1-D68F94F505C6}"
EndProject
Project("{FAE04EC0-301F-11D3-BF4B-00C04F79EFBC}") = "ISBN-Converter", "ISBN-Converter\ISBN-Converter.csproj", "{A4BC941D-296F-498C-BA48-2DFF20040171}"
EndProject
Global
	GlobalSection(SolutionConfigurationPlatforms) = preSolution
		Debug|Any CPU = Debug|Any CPU
		Release|Any CPU = Release|Any CPU
	EndGlobalSection
	GlobalSection(ProjectConfigurationPlatforms) = postSolution
		{BE3D0F98-CF35-4F7F-9AE1-D68F94F505C6}.Debug|Any CPU.ActiveCfg = Debug|Any CPU
		{BE3D0F98-CF35-4F7F-9AE1-D68F94F505C6}.Debug|Any CPU.Build.0 = Debug|Any CPU
		{BE3D0F98-CF35-4F7F-9AE1-D68F94F505C6}.Release|Any CPU.ActiveCfg = Release|Any CPU
		{BE3D0F98-CF35-4F7F-9AE1-D68F94F505C6}.Release|Any CPU.Build.0 = Release|Any CPU
		{A4BC941D-296F-498C-BA48-2DFF20040171}.Debug|Any CPU.ActiveCfg = Debug|Any CPU
		{A4BC941D-296F-498C-BA48-2DFF20040171}.Debug|Any CPU.Build.0 = Debug|Any CPU
		{A4BC941D-296F-498C-BA48-2DFF20040171}.Release|Any CPU.ActiveCfg = Release|Any CPU
		{A4BC941D-296F-498C-BA48-2DFF20040171}.Release|Any CPU.Build.0 = Release|Any CPU
	EndGlobalSection
	GlobalSection(SolutionProperties) = preSolution
		HideSolutionNode = FALSE
	EndGlobalSection
	GlobalSection(ExtensibilityGlobals) = postSolution
		SolutionGuid = {B8C13074-D5FC-4973-AC8B-42350D4BECFF}
	EndGlobalSection
EndGlobal
